
Microsoft Visual Studio Solution File, Format Version 12.00
# Visual Studio 15
VisualStudioVersion = 15.0.28307.539
MinimumVisualStudioVersion = 10.0.40219.1
Project("{FAE04EC0-301F-11D3-BF4B-00C04F79EFBC}") = "TMSsigma", "TMSsigma\TMSsigma.csproj", "{1621AEA2-CB89-4062-B555-2868EAD4F128}"
EndProject
Global
	GlobalSection(SolutionConfigurationPlatforms) = preSolution
		Debug|Any CPU = Debug|Any CPU
		Release|Any CPU = Release|Any CPU
	EndGlobalSection
	GlobalSection(ProjectConfigurationPlatforms) = postSolution
		{1621AEA2-CB89-4062-B555-2868EAD4F128}.Debug|Any CPU.ActiveCfg = Debug|Any CPU
		{1621AEA2-CB89-4062-B555-2868EAD4F128}.Debug|Any CPU.Build.0 = Debug|Any CPU
		{1621AEA2-CB89-4062-B555-2868EAD4F128}.Release|Any CPU.ActiveCfg = Release|Any CPU
		{1621AEA2-CB89-4062-B555-2868EAD4F128}.Release|Any CPU.Build.0 = Release|Any CPU
	EndGlobalSection
	GlobalSection(SolutionProperties) = preSolution
		HideSolutionNode = FALSE
	EndGlobalSection
	GlobalSection(ExtensibilityGlobals) = postSolution
		SolutionGuid = {4D754061-7D69-4118-8BC1-295FBAC9D2BF}
	EndGlobalSection
EndGlobal
